
Microsoft Visual Studio Solution File, Format Version 12.00
# Visual Studio Version 17
VisualStudioVersion = 17.14.36623.8 d17.14
MinimumVisualStudioVersion = 10.0.40219.1
Project("{FAE04EC0-301F-11D3-BF4B-00C04F79EFBC}") = "Internship-3-OOP", "Internship-3-OOP.csproj", "{717AC7AE-851E-435A-BDF7-D6C7BFA7519B}"
EndProject
Global
	GlobalSection(SolutionConfigurationPlatforms) = preSolution
		Debug|Any CPU = Debug|Any CPU
		Release|Any CPU = Release|Any CPU
	EndGlobalSection
	GlobalSection(ProjectConfigurationPlatforms) = postSolution
		{717AC7AE-851E-435A-BDF7-D6C7BFA7519B}.Debug|Any CPU.ActiveCfg = Debug|Any CPU
		{717AC7AE-851E-435A-BDF7-D6C7BFA7519B}.Debug|Any CPU.Build.0 = Debug|Any CPU
		{717AC7AE-851E-435A-BDF7-D6C7BFA7519B}.Release|Any CPU.ActiveCfg = Release|Any CPU
		{717AC7AE-851E-435A-BDF7-D6C7BFA7519B}.Release|Any CPU.Build.0 = Release|Any CPU
	EndGlobalSection
	GlobalSection(SolutionProperties) = preSolution
		HideSolutionNode = FALSE
	EndGlobalSection
	GlobalSection(ExtensibilityGlobals) = postSolution
		SolutionGuid = {F2982219-3D41-4AAA-B874-0CDA181C7119}
	EndGlobalSection
EndGlobal
